
Microsoft Visual Studio Solution File, Format Version 12.00
# Visual Studio Version 16
VisualStudioVersion = 16.0.31025.218
MinimumVisualStudioVersion = 10.0.40219.1
Project("{9A19103F-16F7-4668-BE54-9A1E7A4F7556}") = "Gizmo.Web.Components", "Gizmo.Web.Components.csproj", "{B39E99A9-11EF-415A-AE60-9F64582E3059}"
EndProject
Global
	GlobalSection(SolutionConfigurationPlatforms) = preSolution
		Debug|Any CPU = Debug|Any CPU
		Release|Any CPU = Release|Any CPU
	EndGlobalSection
	GlobalSection(ProjectConfigurationPlatforms) = postSolution
		{B39E99A9-11EF-415A-AE60-9F64582E3059}.Debug|Any CPU.ActiveCfg = Debug|Any CPU
		{B39E99A9-11EF-415A-AE60-9F64582E3059}.Debug|Any CPU.Build.0 = Debug|Any CPU
		{B39E99A9-11EF-415A-AE60-9F64582E3059}.Release|Any CPU.ActiveCfg = Release|Any CPU
		{B39E99A9-11EF-415A-AE60-9F64582E3059}.Release|Any CPU.Build.0 = Release|Any CPU
	EndGlobalSection
	GlobalSection(SolutionProperties) = preSolution
		HideSolutionNode = FALSE
	EndGlobalSection
	GlobalSection(ExtensibilityGlobals) = postSolution
		SolutionGuid = {9AFAEB4F-2C00-4CFF-A666-E1F09F134E53}
	EndGlobalSection
EndGlobal
